
Microsoft Visual Studio Solution File, Format Version 12.00
# Visual Studio Version 16
VisualStudioVersion = 16.0.30114.105
MinimumVisualStudioVersion = 10.0.40219.1
Project("{2150E333-8FDC-42A3-9474-1A3956D46DE8}") = "src", "src", "{5CE98805-D97D-421A-A766-DCDB07BCA025}"
EndProject
Project("{FAE04EC0-301F-11D3-BF4B-00C04F79EFBC}") = "IdentityServer", "src\IdentityServer\IdentityServer.csproj", "{9A95074F-0534-4CA0-922E-4B3456084068}"
EndProject
Project("{FAE04EC0-301F-11D3-BF4B-00C04F79EFBC}") = "Api", "src\Api\Api.csproj", "{7C643332-BF35-4655-B00B-458EBA9D1A5D}"
EndProject
Project("{FAE04EC0-301F-11D3-BF4B-00C04F79EFBC}") = "Client", "src\Client\Client.csproj", "{54A9D98B-A86E-48F1-A6F9-8E40CE3DE2ED}"
EndProject
Global
	GlobalSection(SolutionConfigurationPlatforms) = preSolution
		Debug|Any CPU = Debug|Any CPU
		Release|Any CPU = Release|Any CPU
	EndGlobalSection
	GlobalSection(SolutionProperties) = preSolution
		HideSolutionNode = FALSE
	EndGlobalSection
	GlobalSection(ProjectConfigurationPlatforms) = postSolution
		{9A95074F-0534-4CA0-922E-4B3456084068}.Debug|Any CPU.ActiveCfg = Debug|Any CPU
		{9A95074F-0534-4CA0-922E-4B3456084068}.Debug|Any CPU.Build.0 = Debug|Any CPU
		{9A95074F-0534-4CA0-922E-4B3456084068}.Release|Any CPU.ActiveCfg = Release|Any CPU
		{9A95074F-0534-4CA0-922E-4B3456084068}.Release|Any CPU.Build.0 = Release|Any CPU
		{7C643332-BF35-4655-B00B-458EBA9D1A5D}.Debug|Any CPU.ActiveCfg = Debug|Any CPU
		{7C643332-BF35-4655-B00B-458EBA9D1A5D}.Debug|Any CPU.Build.0 = Debug|Any CPU
		{7C643332-BF35-4655-B00B-458EBA9D1A5D}.Release|Any CPU.ActiveCfg = Release|Any CPU
		{7C643332-BF35-4655-B00B-458EBA9D1A5D}.Release|Any CPU.Build.0 = Release|Any CPU
		{54A9D98B-A86E-48F1-A6F9-8E40CE3DE2ED}.Debug|Any CPU.ActiveCfg = Debug|Any CPU
		{54A9D98B-A86E-48F1-A6F9-8E40CE3DE2ED}.Debug|Any CPU.Build.0 = Debug|Any CPU
		{54A9D98B-A86E-48F1-A6F9-8E40CE3DE2ED}.Release|Any CPU.ActiveCfg = Release|Any CPU
		{54A9D98B-A86E-48F1-A6F9-8E40CE3DE2ED}.Release|Any CPU.Build.0 = Release|Any CPU
	EndGlobalSection
	GlobalSection(NestedProjects) = preSolution
		{9A95074F-0534-4CA0-922E-4B3456084068} = {5CE98805-D97D-421A-A766-DCDB07BCA025}
		{7C643332-BF35-4655-B00B-458EBA9D1A5D} = {5CE98805-D97D-421A-A766-DCDB07BCA025}
		{54A9D98B-A86E-48F1-A6F9-8E40CE3DE2ED} = {5CE98805-D97D-421A-A766-DCDB07BCA025}
	EndGlobalSection
EndGlobal
